
Microsoft Visual Studio Solution File, Format Version 12.00
# Visual Studio Version 17
VisualStudioVersion = 17.3.32825.248
MinimumVisualStudioVersion = 10.0.40219.1
Project("{FAE04EC0-301F-11D3-BF4B-00C04F79EFBC}") = "EFCoreTutorial", "EFCoreTutorial\EFCoreTutorial.csproj", "{C510D8CE-9E1E-4D46-8DCD-3322929ADA1C}"
EndProject
Project("{FAE04EC0-301F-11D3-BF4B-00C04F79EFBC}") = "EFCoreTutorial.Test", "EFCoreTutorial.Test\EFCoreTutorial.Test.csproj", "{9C635355-7183-4A0A-A04C-0B8838C35090}"
EndProject
Global
	GlobalSection(SolutionConfigurationPlatforms) = preSolution
		Debug|Any CPU = Debug|Any CPU
		Release|Any CPU = Release|Any CPU
	EndGlobalSection
	GlobalSection(ProjectConfigurationPlatforms) = postSolution
		{C510D8CE-9E1E-4D46-8DCD-3322929ADA1C}.Debug|Any CPU.ActiveCfg = Debug|Any CPU
		{C510D8CE-9E1E-4D46-8DCD-3322929ADA1C}.Debug|Any CPU.Build.0 = Debug|Any CPU
		{C510D8CE-9E1E-4D46-8DCD-3322929ADA1C}.Release|Any CPU.ActiveCfg = Release|Any CPU
		{C510D8CE-9E1E-4D46-8DCD-3322929ADA1C}.Release|Any CPU.Build.0 = Release|Any CPU
		{9C635355-7183-4A0A-A04C-0B8838C35090}.Debug|Any CPU.ActiveCfg = Debug|Any CPU
		{9C635355-7183-4A0A-A04C-0B8838C35090}.Debug|Any CPU.Build.0 = Debug|Any CPU
		{9C635355-7183-4A0A-A04C-0B8838C35090}.Release|Any CPU.ActiveCfg = Release|Any CPU
		{9C635355-7183-4A0A-A04C-0B8838C35090}.Release|Any CPU.Build.0 = Release|Any CPU
	EndGlobalSection
	GlobalSection(SolutionProperties) = preSolution
		HideSolutionNode = FALSE
	EndGlobalSection
	GlobalSection(ExtensibilityGlobals) = postSolution
		SolutionGuid = {399C2B64-244F-410C-A855-90C2EE44761F}
	EndGlobalSection
EndGlobal
